
Microsoft Visual Studio Solution File, Format Version 12.00
# Visual Studio Version 17
VisualStudioVersion = 17.2.32602.215
MinimumVisualStudioVersion = 10.0.40219.1
Project("{FAE04EC0-301F-11D3-BF4B-00C04F79EFBC}") = "InspireMe", "InspireMe\InspireMe.csproj", "{3BB97F14-9987-458F-A76D-E21D9C35531D}"
EndProject
Global
	GlobalSection(SolutionConfigurationPlatforms) = preSolution
		Debug|Any CPU = Debug|Any CPU
		Release|Any CPU = Release|Any CPU
	EndGlobalSection
	GlobalSection(ProjectConfigurationPlatforms) = postSolution
		{3BB97F14-9987-458F-A76D-E21D9C35531D}.Debug|Any CPU.ActiveCfg = Debug|Any CPU
		{3BB97F14-9987-458F-A76D-E21D9C35531D}.Debug|Any CPU.Build.0 = Debug|Any CPU
		{3BB97F14-9987-458F-A76D-E21D9C35531D}.Release|Any CPU.ActiveCfg = Release|Any CPU
		{3BB97F14-9987-458F-A76D-E21D9C35531D}.Release|Any CPU.Build.0 = Release|Any CPU
	EndGlobalSection
	GlobalSection(SolutionProperties) = preSolution
		HideSolutionNode = FALSE
	EndGlobalSection
	GlobalSection(ExtensibilityGlobals) = postSolution
		SolutionGuid = {34035D90-C493-4AAE-B297-288BC88AE562}
	EndGlobalSection
EndGlobal
